# THIS IS AN AUTOGENERATED FILE. DO NOT EDIT THIS FILE DIRECTLY.
# yarn lockfile v1


immer@^10.0.3:
  version "10.0.3"
  resolved "https://registry.npmmirror.com/immer/-/immer-10.0.3.tgz#a8de42065e964aa3edf6afc282dfc7f7f34ae3c9"
  integrity sha512-pwupu3eWfouuaowscykeckFmVTpqbzW+rXFCX8rQLkZzM9ftBmU/++Ra+o+L27mz03zJTlyV4UUr+fdKNffo4A==

use-immer@^0.9.0:
  version "0.9.0"
  resolved "https://registry.npmmirror.com/use-immer/-/use-immer-0.9.0.tgz#66e4e8f7ab75df45e96dfd5c56337f9fd49db9fd"
  integrity sha512-/L+enLi0nvuZ6j4WlyK0US9/ECUtV5v9RUbtxnn5+WbtaXYUaOBoKHDNL9I5AETdurQ4rIFIj/s+Z5X80ATyKw==
